
Microsoft Visual Studio Solution File, Format Version 12.00
# Visual Studio Version 17
VisualStudioVersion = 17.7.34024.191
MinimumVisualStudioVersion = 10.0.40219.1
Project("{FAE04EC0-301F-11D3-BF4B-00C04F79EFBC}") = "GenerateSqlQuery", "GenerateSqlQuery\GenerateSqlQuery.csproj", "{CBE665EB-FA22-432A-B54C-28F204000F32}"
EndProject
Global
	GlobalSection(SolutionConfigurationPlatforms) = preSolution
		Debug|Any CPU = Debug|Any CPU
		Release|Any CPU = Release|Any CPU
	EndGlobalSection
	GlobalSection(ProjectConfigurationPlatforms) = postSolution
		{CBE665EB-FA22-432A-B54C-28F204000F32}.Debug|Any CPU.ActiveCfg = Debug|Any CPU
		{CBE665EB-FA22-432A-B54C-28F204000F32}.Debug|Any CPU.Build.0 = Debug|Any CPU
		{CBE665EB-FA22-432A-B54C-28F204000F32}.Release|Any CPU.ActiveCfg = Release|Any CPU
		{CBE665EB-FA22-432A-B54C-28F204000F32}.Release|Any CPU.Build.0 = Release|Any CPU
	EndGlobalSection
	GlobalSection(SolutionProperties) = preSolution
		HideSolutionNode = FALSE
	EndGlobalSection
	GlobalSection(ExtensibilityGlobals) = postSolution
		SolutionGuid = {E593F6E3-C55B-4522-B4C7-FA0728CB7CBE}
	EndGlobalSection
EndGlobal
